// !$*UTF8*$!
{
	archiveVersion = 1;
	classes = {
	};
	objectVersion = 46;
	objects = {

/* Begin PBXBuildFile section */
		042462BB1E7060AE000B5CDF /* main.m in Sources */ = {isa = PBXBuildFile; fileRef = 042462BA1E7060AE000B5CDF /* main.m */; };
		042462BE1E7060AE000B5CDF /* AppDelegate.m in Sources */ = {isa = PBXBuildFile; fileRef = 042462BD1E7060AE000B5CDF /* AppDelegate.m */; };
		042462C11E7060AE000B5CDF /* ViewController.m in Sources */ = {isa = PBXBuildFile; fileRef = 042462C01E7060AE000B5CDF /* ViewController.m */; };
		042462C41E7060AE000B5CDF /* Main.storyboard in Resources */ = {isa = PBXBuildFile; fileRef = 042462C21E7060AE000B5CDF /* Main.storyboard */; };
		042462C61E7060AE000B5CDF /* Assets.xcassets in Resources */ = {isa = PBXBuildFile; fileRef = 042462C51E7060AE000B5CDF /* Assets.xcassets */; };
		042462C91E7060AE000B5CDF /* LaunchScreen.storyboard in Resources */ = {isa = PBXBuildFile; fileRef = 042462C71E7060AE000B5CDF /* LaunchScreen.storyboard */; };
		042462D21E7066DC000B5CDF /* doNothing.m in Sources */ = {isa = PBXBuildFile; fileRef = 042462D11E7066DC000B5CDF /* doNothing.m */; };
		06E77C6D9136DE85F03A8837 /* libPods-MainApp.a in Frameworks */ = {isa = PBXBuildFile; fileRef = 3D8BB907E4B1FC1E11CE3F30 /* libPods-MainApp.a */; };
/* End PBXBuildFile section */

/* Begin PBXFileReference section */
		042462B61E7060AE000B5CDF /* MainApp.app */ = {isa = PBXFileReference; explicitFileType = wrapper.application; includeInIndex = 0; path = MainApp.app; sourceTree = BUILT_PRODUCTS_DIR; };
		042462BA1E7060AE000B5CDF /* main.m */ = {isa = PBXFileReference; lastKnownFileType = sourcecode.c.objc; path = main.m; sourceTree = "<group>"; };
		042462BC1E7060AE000B5CDF /* AppDelegate.h */ = {isa = PBXFileReference; lastKnownFileType = sourcecode.c.h; path = AppDelegate.h; sourceTree = "<group>"; };
		042462BD1E7060AE000B5CDF /* AppDelegate.m */ = {isa = PBXFileReference; lastKnownFileType = sourcecode.c.objc; path = AppDelegate.m; sourceTree = "<group>"; };
		042462BF1E7060AE000B5CDF /* ViewController.h */ = {isa = PBXFileReference; lastKnownFileType = sourcecode.c.h; path = ViewController.h; sourceTree = "<group>"; };
		042462C01E7060AE000B5CDF /* ViewController.m */ = {isa = PBXFileReference; lastKnownFileType = sourcecode.c.objc; path = ViewController.m; sourceTree = "<group>"; };
		042462C31E7060AE000B5CDF /* Base */ = {isa = PBXFileReference; lastKnownFileType = file.storyboard; name = Base; path = Base.lproj/Main.storyboard; sourceTree = "<group>"; };
		042462C51E7060AE000B5CDF /* Assets.xcassets */ = {isa = PBXFileReference; lastKnownFileType = folder.assetcatalog; path = Assets.xcassets; sourceTree = "<group>"; };
		042462C81E7060AE000B5CDF /* Base */ = {isa = PBXFileReference; lastKnownFileType = file.storyboard; name = Base; path = Base.lproj/LaunchScreen.storyboard; sourceTree = "<group>"; };
		042462CA1E7060AE000B5CDF /* Info.plist */ = {isa = PBXFileReference; lastKnownFileType = text.plist.xml; path = Info.plist; sourceTree = "<group>"; };
		042462D01E7066DC000B5CDF /* doNothing.h */ = {isa = PBXFileReference; fileEncoding = 4; lastKnownFileType = sourcecode.c.h; path = doNothing.h; sourceTree = "<group>"; };
		042462D11E7066DC000B5CDF /* doNothing.m */ = {isa = PBXFileReference; fileEncoding = 4; lastKnownFileType = sourcecode.c.objc; path = doNothing.m; sourceTree = "<group>"; };
		3D8BB907E4B1FC1E11CE3F30 /* libPods-MainApp.a */ = {isa = PBXFileReference; explicitFileType = archive.ar; includeInIndex = 0; path = "libPods-MainApp.a"; sourceTree = BUILT_PRODUCTS_DIR; };
		94B5FDBE2BB6ECA50EA128F4 /* Pods-MainApp.release.xcconfig */ = {isa = PBXFileReference; includeInIndex = 1; lastKnownFileType = text.xcconfig; name = "Pods-MainApp.release.xcconfig"; path = "Pods/Target Support Files/Pods-MainApp/Pods-MainApp.release.xcconfig"; sourceTree = "<group>"; };
		DA2EA0CF91DFEA3156555940 /* Pods-MainApp.debug.xcconfig */ = {isa = PBXFileReference; includeInIndex = 1; lastKnownFileType = text.xcconfig; name = "Pods-MainApp.debug.xcconfig"; path = "Pods/Target Support Files/Pods-MainApp/Pods-MainApp.debug.xcconfig"; sourceTree = "<group>"; };
/* End PBXFileReference section */

/* Begin PBXFrameworksBuildPhase section */
		042462B31E7060AE000B5CDF /* Frameworks */ = {
			isa = PBXFrameworksBuildPhase;
			buildActionMask = 2147483647;
			files = (
				06E77C6D9136DE85F03A8837 /* libPods-MainApp.a in Frameworks */,
			);
			runOnlyForDeploymentPostprocessing = 0;
		};
/* End PBXFrameworksBuildPhase section */

/* Begin PBXGroup section */
		042462AD1E7060AE000B5CDF = {
			isa = PBXGroup;
			children = (
				042462B81E7060AE000B5CDF /* MainApp */,
				042462B71E7060AE000B5CDF /* Products */,
				CAC3F68824E9A3B32CDC33A6 /* Pods */,
				DEA50C6053FCB423C45AF760 /* Frameworks */,
			);
			sourceTree = "<group>";
		};
		042462B71E7060AE000B5CDF /* Products */ = {
			isa = PBXGroup;
			children = (
				042462B61E7060AE000B5CDF /* MainApp.app */,
			);
			name = Products;
			sourceTree = "<group>";
		};
		042462B81E7060AE000B5CDF /* MainApp */ = {
			isa = PBXGroup;
			children = (
				042462D31E70673D000B5CDF /* Internal */,
				042462BC1E7060AE000B5CDF /* AppDelegate.h */,
				042462BD1E7060AE000B5CDF /* AppDelegate.m */,
				042462BF1E7060AE000B5CDF /* ViewController.h */,
				042462C01E7060AE000B5CDF /* ViewController.m */,
				042462C21E7060AE000B5CDF /* Main.storyboard */,
				042462C51E7060AE000B5CDF /* Assets.xcassets */,
				042462C71E7060AE000B5CDF /* LaunchScreen.storyboard */,
				042462CA1E7060AE000B5CDF /* Info.plist */,
				042462B91E7060AE000B5CDF /* Supporting Files */,
			);
			path = MainApp;
			sourceTree = "<group>";
		};
		042462B91E7060AE000B5CDF /* Supporting Files */ = {
			isa = PBXGroup;
			children = (
				042462BA1E7060AE000B5CDF /* main.m */,
			);
			name = "Supporting Files";
			sourceTree = "<group>";
		};
		042462D31E70673D000B5CDF /* Internal */ = {
			isa = PBXGroup;
			children = (
				042462D01E7066DC000B5CDF /* doNothing.h */,
				042462D11E7066DC000B5CDF /* doNothing.m */,
			);
			name = Internal;
			sourceTree = "<group>";
		};
		CAC3F68824E9A3B32CDC33A6 /* Pods */ = {
			isa = PBXGroup;
			children = (
				DA2EA0CF91DFEA3156555940 /* Pods-MainApp.debug.xcconfig */,
				94B5FDBE2BB6ECA50EA128F4 /* Pods-MainApp.release.xcconfig */,
			);
			name = Pods;
			sourceTree = "<group>";
		};
		DEA50C6053FCB423C45AF760 /* Frameworks */ = {
			isa = PBXGroup;
			children = (
				3D8BB907E4B1FC1E11CE3F30 /* libPods-MainApp.a */,
			);
			name = Frameworks;
			sourceTree = "<group>";
		};
/* End PBXGroup section */

/* Begin PBXNativeTarget section */
		042462B51E7060AE000B5CDF /* MainApp */ = {
			isa = PBXNativeTarget;
			buildConfigurationList = 042462CD1E7060AE000B5CDF /* Build configuration list for PBXNativeTarget "MainApp" */;
			buildPhases = (
				322DDC7D5381CD39BE4556EF /* [CP] Check Pods Manifest.lock */,
				042462B21E7060AE000B5CDF /* Sources */,
				042462B31E7060AE000B5CDF /* Frameworks */,
				042462B41E7060AE000B5CDF /* Resources */,
				BB4DD53462E14E1567A197BE /* [CP] Embed Pods Frameworks */,
				CD58314399C734B93C333B7F /* [CP] Copy Pods Resources */,
			);
			buildRules = (
			);
			dependencies = (
			);
			name = MainApp;
			productName = MainApp;
			productReference = 042462B61E7060AE000B5CDF /* MainApp.app */;
			productType = "com.apple.product-type.application";
		};
/* End PBXNativeTarget section */

/* Begin PBXProject section */
		042462AE1E7060AE000B5CDF /* Project object */ = {
			isa = PBXProject;
			attributes = {
				LastUpgradeCheck = 0830;
				ORGANIZATIONNAME = BottleRocket;
				TargetAttributes = {
					042462B51E7060AE000B5CDF = {
						CreatedOnToolsVersion = 8.3;
						DevelopmentTeam = 2UAV38D2MU;
						ProvisioningStyle = Automatic;
					};
				};
			};
			buildConfigurationList = 042462B11E7060AE000B5CDF /* Build configuration list for PBXProject "MainApp" */;
			compatibilityVersion = "Xcode 3.2";
			developmentRegion = English;
			hasScannedForEncodings = 0;
			knownRegions = (
				en,
				Base,
			);
			mainGroup = 042462AD1E7060AE000B5CDF;
			productRefGroup = 042462B71E7060AE000B5CDF /* Products */;
			projectDirPath = "";
			projectRoot = "";
			targets = (
				042462B51E7060AE000B5CDF /* MainApp */,
			);
		};
/* End PBXProject section */

/* Begin PBXResourcesBuildPhase section */
		042462B41E7060AE000B5CDF /* Resources */ = {
			isa = PBXResourcesBuildPhase;
			buildActionMask = 2147483647;
			files = (
				042462C91E7060AE000B5CDF /* LaunchScreen.storyboard in Resources */,
				042462C61E7060AE000B5CDF /* Assets.xcassets in Resources */,
				042462C41E7060AE000B5CDF /* Main.storyboard in Resources */,
			);
			runOnlyForDeploymentPostprocessing = 0;
		};
/* End PBXResourcesBuildPhase section */

/* Begin PBXShellScriptBuildPhase section */
		322DDC7D5381CD39BE4556EF /* [CP] Check Pods Manifest.lock */ = {
			isa = PBXShellScriptBuildPhase;
			buildActionMask = 2147483647;
			files = (
			);
			inputPaths = (
			);
			name = "[CP] Check Pods Manifest.lock";
			outputPaths = (
			);
			runOnlyForDeploymentPostprocessing = 0;
			shellPath = /bin/sh;
			shellScript = "diff \"${PODS_ROOT}/../Podfile.lock\" \"${PODS_ROOT}/Manifest.lock\" > /dev/null\nif [ $? != 0 ] ; then\n    # print error to STDERR\n    echo \"error: The sandbox is not in sync with the Podfile.lock. Run 'pod install' or update your CocoaPods installation.\" >&2\n    exit 1\nfi\n";
			showEnvVarsInLog = 0;
		};
		BB4DD53462E14E1567A197BE /* [CP] Embed Pods Frameworks */ = {
			isa = PBXShellScriptBuildPhase;
			buildActionMask = 2147483647;
			files = (
			);
			inputPaths = (
			);
			name = "[CP] Embed Pods Frameworks";
			outputPaths = (
			);
			runOnlyForDeploymentPostprocessing = 0;
			shellPath = /bin/sh;
			shellScript = "\"${SRCROOT}/Pods/Target Support Files/Pods-MainApp/Pods-MainApp-frameworks.sh\"\n";
			showEnvVarsInLog = 0;
		};
		CD58314399C734B93C333B7F /* [CP] Copy Pods Resources */ = {
			isa = PBXShellScriptBuildPhase;
			buildActionMask = 2147483647;
			files = (
			);
			inputPaths = (
			);
			name = "[CP] Copy Pods Resources";
			outputPaths = (
			);
			runOnlyForDeploymentPostprocessing = 0;
			shellPath = /bin/sh;
			shellScript = "\"${SRCROOT}/Pods/Target Support Files/Pods-MainApp/Pods-MainApp-resources.sh\"\n";
			showEnvVarsInLog = 0;
		};
/* End PBXShellScriptBuildPhase section */

/* Begin PBXSourcesBuildPhase section */
		042462B21E7060AE000B5CDF /* Sources */ = {
			isa = PBXSourcesBuildPhase;
			buildActionMask = 2147483647;
			files = (
				042462D21E7066DC000B5CDF /* doNothing.m in Sources */,
				042462C11E7060AE000B5CDF /* ViewController.m in Sources */,
				042462BE1E7060AE000B5CDF /* AppDelegate.m in Sources */,
				042462BB1E7060AE000B5CDF /* main.m in Sources */,
			);
			runOnlyForDeploymentPostprocessing = 0;
		};
/* End PBXSourcesBuildPhase section */

/* Begin PBXVariantGroup section */
		042462C21E7060AE000B5CDF /* Main.storyboard */ = {
			isa = PBXVariantGroup;
			children = (
				042462C31E7060AE000B5CDF /* Base */,
			);
			name = Main.storyboard;
			sourceTree = "<group>";
		};
		042462C71E7060AE000B5CDF /* LaunchScreen.storyboard */ = {
			isa = PBXVariantGroup;
			children = (
				042462C81E7060AE000B5CDF /* Base */,
			);
			name = LaunchScreen.storyboard;
			sourceTree = "<group>";
		};
/* End PBXVariantGroup section */

/* Begin XCBuildConfiguration section */
		042462CB1E7060AE000B5CDF /* Debug */ = {
			isa = XCBuildConfiguration;
			buildSettings = {
				ALWAYS_SEARCH_USER_PATHS = NO;
				CLANG_ANALYZER_NONNULL = YES;
				CLANG_ANALYZER_NUMBER_OBJECT_CONVERSION = YES_AGGRESSIVE;
				CLANG_CXX_LANGUAGE_STANDARD = "gnu++0x";
				CLANG_CXX_LIBRARY = "libc++";
				CLANG_ENABLE_MODULES = YES;
				CLANG_ENABLE_OBJC_ARC = YES;
				CLANG_WARN_BOOL_CONVERSION = YES;
				CLANG_WARN_CONSTANT_CONVERSION = YES;
				CLANG_WARN_DIRECT_OBJC_ISA_USAGE = YES_ERROR;
				CLANG_WARN_DOCUMENTATION_COMMENTS = YES;
				CLANG_WARN_EMPTY_BODY = YES;
				CLANG_WARN_ENUM_CONVERSION = YES;
				CLANG_WARN_INFINITE_RECURSION = YES;
				CLANG_WARN_INT_CONVERSION = YES;
				CLANG_WARN_OBJC_ROOT_CLASS = YES_ERROR;
				CLANG_WARN_SUSPICIOUS_MOVE = YES;
				CLANG_WARN_UNREACHABLE_CODE = YES;
				CLANG_WARN__DUPLICATE_METHOD_MATCH = YES;
				"CODE_SIGN_IDENTITY[sdk=iphoneos*]" = "iPhone Developer";
				COPY_PHASE_STRIP = NO;
				DEBUG_INFORMATION_FORMAT = dwarf;
				ENABLE_STRICT_OBJC_MSGSEND = YES;
				ENABLE_TESTABILITY = YES;
				GCC_C_LANGUAGE_STANDARD = gnu99;
				GCC_DYNAMIC_NO_PIC = NO;
				GCC_NO_COMMON_BLOCKS = YES;
				GCC_OPTIMIZATION_LEVEL = 0;
				GCC_PREPROCESSOR_DEFINITIONS = (
					"DEBUG=1",
					"$(inherited)",
				);
				GCC_WARN_64_TO_32_BIT_CONVERSION = YES;
				GCC_WARN_ABOUT_RETURN_TYPE = YES_ERROR;
				GCC_WARN_UNDECLARED_SELECTOR = YES;
				GCC_WARN_UNINITIALIZED_AUTOS = YES_AGGRESSIVE;
				GCC_WARN_UNUSED_FUNCTION = YES;
				GCC_WARN_UNUSED_VARIABLE = YES;
				IPHONEOS_DEPLOYMENT_TARGET = 10.3;
				MTL_ENABLE_DEBUG_INFO = YES;
				ONLY_ACTIVE_ARCH = YES;
				SDKROOT = iphoneos;
				TARGETED_DEVICE_FAMILY = "1,2";
			};
			name = Debug;
		};
		042462CC1E7060AE000B5CDF /* Release */ = {
			isa = XCBuildConfiguration;
			buildSettings = {
				ALWAYS_SEARCH_USER_PATHS = NO;
				CLANG_ANALYZER_NONNULL = YES;
				CLANG_ANALYZER_NUMBER_OBJECT_CONVERSION = YES_AGGRESSIVE;
				CLANG_CXX_LANGUAGE_STANDARD = "gnu++0x";
				CLANG_CXX_LIBRARY = "libc++";
				CLANG_ENABLE_MODULES = YES;
				CLANG_ENABLE_OBJC_ARC = YES;
				CLANG_WARN_BOOL_CONVERSION = YES;
				CLANG_WARN_CONSTANT_CONVERSION = YES;
				CLANG_WARN_DIRECT_OBJC_ISA_USAGE = YES_ERROR;
				CLANG_WARN_DOCUMENTATION_COMMENTS = YES;
				CLANG_WARN_EMPTY_BODY = YES;
				CLANG_WARN_ENUM_CONVERSION = YES;
				CLANG_WARN_INFINITE_RECURSION = YES;
				CLANG_WARN_INT_CONVERSION = YES;
				CLANG_WARN_OBJC_ROOT_CLASS = YES_ERROR;
				CLANG_WARN_SUSPICIOUS_MOVE = YES;
				CLANG_WARN_UNREACHABLE_CODE = YES;
				CLANG_WARN__DUPLICATE_METHOD_MATCH = YES;
				"CODE_SIGN_IDENTITY[sdk=iphoneos*]" = "iPhone Developer";
				COPY_PHASE_STRIP = NO;
				DEBUG_INFORMATION_FORMAT = "dwarf-with-dsym";
				ENABLE_NS_ASSERTIONS = NO;
				ENABLE_STRICT_OBJC_MSGSEND = YES;
				GCC_C_LANGUAGE_STANDARD = gnu99;
				GCC_NO_COMMON_BLOCKS = YES;
				GCC_WARN_64_TO_32_BIT_CONVERSION = YES;
				GCC_WARN_ABOUT_RETURN_TYPE = YES_ERROR;
				GCC_WARN_UNDECLARED_SELECTOR = YES;
				GCC_WARN_UNINITIALIZED_AUTOS = YES_AGGRESSIVE;
				GCC_WARN_UNUSED_FUNCTION = YES;
				GCC_WARN_UNUSED_VARIABLE = YES;
				IPHONEOS_DEPLOYMENT_TARGET = 10.3;
				MTL_ENABLE_DEBUG_INFO = NO;
				SDKROOT = iphoneos;
				TARGETED_DEVICE_FAMILY = "1,2";
				VALIDATE_PRODUCT = YES;
			};
			name = Release;
		};
		042462CE1E7060AE000B5CDF /* Debug */ = {
			isa = XCBuildConfiguration;
			baseConfigurationReference = DA2EA0CF91DFEA3156555940 /* Pods-MainApp.debug.xcconfig */;
			buildSettings = {
				ASSETCATALOG_COMPILER_APPICON_NAME = AppIcon;
				DEVELOPMENT_TEAM = 2UAV38D2MU;
				INFOPLIST_FILE = MainApp/Info.plist;
				LD_RUNPATH_SEARCH_PATHS = "$(inherited) @executable_path/Frameworks";
				PRODUCT_BUNDLE_IDENTIFIER = com.bottlerocketstudios.MainApp;
				PRODUCT_NAME = "$(TARGET_NAME)";
			};
			name = Debug;
		};
		042462CF1E7060AE000B5CDF /* Release */ = {
			isa = XCBuildConfiguration;
			baseConfigurationReference = 94B5FDBE2BB6ECA50EA128F4 /* Pods-MainApp.release.xcconfig */;
			buildSettings = {
				ASSETCATALOG_COMPILER_APPICON_NAME = AppIcon;
				DEVELOPMENT_TEAM = 2UAV38D2MU;
				INFOPLIST_FILE = MainApp/Info.plist;
				LD_RUNPATH_SEARCH_PATHS = "$(inherited) @executable_path/Frameworks";
				PRODUCT_BUNDLE_IDENTIFIER = com.bottlerocketstudios.MainApp;
				PRODUCT_NAME = "$(TARGET_NAME)";
			};
			name = Release;
		};
/* End XCBuildConfiguration section */

/* Begin XCConfigurationList section */
		042462B11E7060AE000B5CDF /* Build configuration list for PBXProject "MainApp" */ = {
			isa = XCConfigurationList;
			buildConfigurations = (
				042462CB1E7060AE000B5CDF /* Debug */,
				042462CC1E7060AE000B5CDF /* Release */,
			);
			defaultConfigurationIsVisible = 0;
			defaultConfigurationName = Release;
		};
		042462CD1E7060AE000B5CDF /* Build configuration list for PBXNativeTarget "MainApp" */ = {
			isa = XCConfigurationList;
			buildConfigurations = (
				042462CE1E7060AE000B5CDF /* Debug */,
				042462CF1E7060AE000B5CDF /* Release */,
			);
			defaultConfigurationIsVisible = 0;
			defaultConfigurationName = Release;
		};
/* End XCConfigurationList section */
	};
	rootObject = 042462AE1E7060AE000B5CDF /* Project object */;
}
